
Microsoft Visual Studio Solution File, Format Version 12.00
# Visual Studio Version 17
VisualStudioVersion = 17.2.32602.215
MinimumVisualStudioVersion = 10.0.40219.1
Project("{FAE04EC0-301F-11D3-BF4B-00C04F79EFBC}") = "MovieTicket", "MovieTicket\MovieTicket.csproj", "{487F7E9C-CD39-4E31-8B9C-01AF3A058EC1}"
EndProject
Global
	GlobalSection(SolutionConfigurationPlatforms) = preSolution
		Debug|Any CPU = Debug|Any CPU
		Release|Any CPU = Release|Any CPU
	EndGlobalSection
	GlobalSection(ProjectConfigurationPlatforms) = postSolution
		{487F7E9C-CD39-4E31-8B9C-01AF3A058EC1}.Debug|Any CPU.ActiveCfg = Debug|Any CPU
		{487F7E9C-CD39-4E31-8B9C-01AF3A058EC1}.Debug|Any CPU.Build.0 = Debug|Any CPU
		{487F7E9C-CD39-4E31-8B9C-01AF3A058EC1}.Release|Any CPU.ActiveCfg = Release|Any CPU
		{487F7E9C-CD39-4E31-8B9C-01AF3A058EC1}.Release|Any CPU.Build.0 = Release|Any CPU
	EndGlobalSection
	GlobalSection(SolutionProperties) = preSolution
		HideSolutionNode = FALSE
	EndGlobalSection
	GlobalSection(ExtensibilityGlobals) = postSolution
		SolutionGuid = {009201C0-CD5B-4C66-B6C8-C1D2BE1FB385}
	EndGlobalSection
EndGlobal
